{
  "name": "socrates-rewrite",
  "version": "1.0.0",
  "lockfileVersion": 1,
  "requires": true,
  "dependencies": {
    "@types/angular": {
      "version": "1.6.40",
      "resolved": "https://registry.npmjs.org/@types/angular/-/angular-1.6.40.tgz",
      "integrity": "sha512-svgm2RiWEVvoNkeX+gDWA412KluZ6MBPQNu8SRkEfGmHgVhAZ6r3A+k51/KzeoEoY/GY9ZBT/Qc3fAjpGwCyJg==",
      "dev": true
    },
    "@types/angular-animate": {
      "version": "1.5.9",
      "resolved": "https://registry.npmjs.org/@types/angular-animate/-/angular-animate-1.5.9.tgz",
      "integrity": "sha512-kRUrLBKCBNQQUMGf4OIEe3MchzWVVyLFvRDkQ4f3aUc+FAUabRmQeATRY8CZpSD7Lcw3efKIKzWsmm7Aenfy5A==",
      "dev": true,
      "requires": {
        "@types/angular": "1.6.40"
      }
    },
    "@types/angular-cookies": {
      "version": "1.4.5",
      "resolved": "https://registry.npmjs.org/@types/angular-cookies/-/angular-cookies-1.4.5.tgz",
      "integrity": "sha512-WJJX4Z0JDte/0KSKGm4JGJbnv3wz8fnK6Li3aKdXUGu+mvjTvmJF7h0acFV9ODGhgwpFXzH9dLw3IjR6WbgG3w==",
      "dev": true,
      "requires": {
        "@types/angular": "1.6.40"
      }
    },
    "@types/angular-mocks": {
      "version": "1.5.11",
      "resolved": "https://registry.npmjs.org/@types/angular-mocks/-/angular-mocks-1.5.11.tgz",
      "integrity": "sha512-C8ipXVKQvw+w64kH97Npa3a7uZB7ZL9Kr4+sOe33oYIyxeg09M8bzAWCIYCmPRRV0px6ozFTZeSVjBXDikz2zw==",
      "dev": true,
      "requires": {
        "@types/angular": "1.6.40"
      }
    },
    "@types/angular-resource": {
      "version": "1.5.14",
      "resolved": "https://registry.npmjs.org/@types/angular-resource/-/angular-resource-1.5.14.tgz",
      "integrity": "sha512-dpP5DHIape+lMlLPzfOrkpkgjiDrT2lYcPY2Wrk2FTUEBlOZkR1sM+I8oR1S/ZuKCDzTxOi0UmLg+0MG7zcFyA==",
      "dev": true,
      "requires": {
        "@types/angular": "1.6.40"
      }
    },
    "@types/angular-route": {
      "version": "1.3.4",
      "resolved": "https://registry.npmjs.org/@types/angular-route/-/angular-route-1.3.4.tgz",
      "integrity": "sha512-92OQR2FmH4whfVfvCZmZYkih8zKlRBXgsgs39dUv3YlVsjRgjByweMFA8N2Qh9zpDul5gQCFvQCajGrYqxyn4A==",
      "dev": true,
      "requires": {
        "@types/angular": "1.6.40"
      }
    },
    "@types/angular-sanitize": {
      "version": "1.3.7",
      "resolved": "https://registry.npmjs.org/@types/angular-sanitize/-/angular-sanitize-1.3.7.tgz",
      "integrity": "sha512-Ha8XJ2zP2jPwRd4cQ3f1fGhrdbgCbyHoHMdSoMjfx7Se5VtNTdxFuAlW59dXlDadIo9JTHimWbYVRQYiUMdjoQ==",
      "dev": true,
      "requires": {
        "@types/angular": "1.6.40"
      }
    },
    "@types/jasmine": {
      "version": "2.8.3",
      "resolved": "https://registry.npmjs.org/@types/jasmine/-/jasmine-2.8.3.tgz",
      "integrity": "sha512-BN0ho2/U55Td9k8RT2KqonDNmWZHTl1crIk8GIh+xNeCw8A60GMCIKN5a6u/Voz3pF3zzl3Ui+ldGrGxCSsYQw==",
      "dev": true
    },
    "typescript": {
      "version": "2.6.2",
      "resolved": "https://registry.npmjs.org/typescript/-/typescript-2.6.2.tgz",
      "integrity": "sha1-PFtv1/beCRQmkCfwPAlGdY92c6Q=",
      "dev": true
    }
  }
}
